
Microsoft Visual Studio Solution File, Format Version 12.00
# Visual Studio Version 16
VisualStudioVersion = 16.0.28922.388
MinimumVisualStudioVersion = 10.0.40219.1
Project("{FAE04EC0-301F-11D3-BF4B-00C04F79EFBC}") = "PavoSolution", "PavoSolution\PavoSolution.csproj", "{90177E3D-E09F-4E60-ADCD-E21A0FDDDC8E}"
EndProject
Global
	GlobalSection(SolutionConfigurationPlatforms) = preSolution
		Debug|Any CPU = Debug|Any CPU
		Release|Any CPU = Release|Any CPU
	EndGlobalSection
	GlobalSection(ProjectConfigurationPlatforms) = postSolution
		{90177E3D-E09F-4E60-ADCD-E21A0FDDDC8E}.Debug|Any CPU.ActiveCfg = Debug|Any CPU
		{90177E3D-E09F-4E60-ADCD-E21A0FDDDC8E}.Debug|Any CPU.Build.0 = Debug|Any CPU
		{90177E3D-E09F-4E60-ADCD-E21A0FDDDC8E}.Release|Any CPU.ActiveCfg = Release|Any CPU
		{90177E3D-E09F-4E60-ADCD-E21A0FDDDC8E}.Release|Any CPU.Build.0 = Release|Any CPU
	EndGlobalSection
	GlobalSection(SolutionProperties) = preSolution
		HideSolutionNode = FALSE
	EndGlobalSection
	GlobalSection(ExtensibilityGlobals) = postSolution
		SolutionGuid = {FBC18C2F-02C1-4619-9243-5A26A12DFBD6}
	EndGlobalSection
EndGlobal
